{
  "lockfileVersion": 1,
  "configVersion": 1,
  "workspaces": {
    "": {
      "name": "mailcow-pgp-webmail-tests",
      "devDependencies": {
        "openpgp": "^6.3.1",
        "postal-mime": "^3.0.0",
      },
    },
  },
  "packages": {
    "openpgp": ["openpgp@6.3.1", "", { "peerDependencies": { "@openpgp/web-stream-tools": "~0.3.0" }, "optionalPeers": ["@openpgp/web-stream-tools"] }, "sha512-7oSPvmlKPojxFoyelT5DWPIAVmqWZh4qU/5pO6bdoShEtRpCw9Sye9IXUQj6EFM3XpgGssqccAr705YtTcLNQw=="],

    "postal-mime": ["postal-mime@3.0.0", "", {}, "sha512-Z4a9ar2Bv3YpK3IXag+Yda30k7bMZfpRuUGyqtHnZ2pjHG8Bl62EhZIk4n1dzv00gfzP9g+94e9kd8+XmjVWLA=="],
  }
}
